// !$*UTF8*$!
{
	archiveVersion = 1;
	classes = {
	};
	objectVersion = 55;
	objects = {

/* Begin PBXBuildFile section */
		CE221DC128BE8D1A00E574B5 /* LaunchScreen.storyboard in Resources */ = {isa = PBXBuildFile; fileRef = CE221DBF28BE8D1A00E574B5 /* LaunchScreen.storyboard */; };
		CE221DC928BE8D4400E574B5 /* Assets.xcassets in Resources */ = {isa = PBXBuildFile; fileRef = CE221DC828BE8D4400E574B5 /* Assets.xcassets */; };
		CE221DD128BE8D8300E574B5 /* AppDelegate.swift in Sources */ = {isa = PBXBuildFile; fileRef = CE221DD028BE8D8300E574B5 /* AppDelegate.swift */; };
		CE221DD328BE8DAB00E574B5 /* SceneDelegate.swift in Sources */ = {isa = PBXBuildFile; fileRef = CE221DD228BE8DAB00E574B5 /* SceneDelegate.swift */; };
		CE221DD928BE8FB200E574B5 /* StoryBrain.swift in Sources */ = {isa = PBXBuildFile; fileRef = CE221DD728BE8FB200E574B5 /* StoryBrain.swift */; };
		CE221DDA28BE8FB200E574B5 /* Story.swift in Sources */ = {isa = PBXBuildFile; fileRef = CE221DD828BE8FB200E574B5 /* Story.swift */; };
		CE221DDC28BE8FC800E574B5 /* ViewController.swift in Sources */ = {isa = PBXBuildFile; fileRef = CE221DDB28BE8FC800E574B5 /* ViewController.swift */; };
		CE221DDE28BE8FDA00E574B5 /* Main.storyboard in Resources */ = {isa = PBXBuildFile; fileRef = CE221DDD28BE8FDA00E574B5 /* Main.storyboard */; };
/* End PBXBuildFile section */

/* Begin PBXFileReference section */
		CE221DB128BE8D1500E574B5 /* Destiny.app */ = {isa = PBXFileReference; explicitFileType = wrapper.application; includeInIndex = 0; path = Destiny.app; sourceTree = BUILT_PRODUCTS_DIR; };
		CE221DC028BE8D1A00E574B5 /* Base */ = {isa = PBXFileReference; lastKnownFileType = file.storyboard; name = Base; path = Base.lproj/LaunchScreen.storyboard; sourceTree = "<group>"; };
		CE221DC228BE8D1A00E574B5 /* Info.plist */ = {isa = PBXFileReference; lastKnownFileType = text.plist.xml; path = Info.plist; sourceTree = "<group>"; };
		CE221DC828BE8D4400E574B5 /* Assets.xcassets */ = {isa = PBXFileReference; lastKnownFileType = folder.assetcatalog; name = Assets.xcassets; path = "../../../../Downloads/Destini-iOS13-master/Destini-iOS13/Assets.xcassets"; sourceTree = "<group>"; };
		CE221DD028BE8D8300E574B5 /* AppDelegate.swift */ = {isa = PBXFileReference; fileEncoding = 4; lastKnownFileType = sourcecode.swift; name = AppDelegate.swift; path = "../../../../Downloads/Destini-iOS13-master/Destini-iOS13/AppDelegate.swift"; sourceTree = "<group>"; };
		CE221DD228BE8DAB00E574B5 /* SceneDelegate.swift */ = {isa = PBXFileReference; fileEncoding = 4; lastKnownFileType = sourcecode.swift; name = SceneDelegate.swift; path = "../../../../Downloads/Destini-iOS13-master/Destini-iOS13/SceneDelegate.swift"; sourceTree = "<group>"; };
		CE221DD728BE8FB200E574B5 /* StoryBrain.swift */ = {isa = PBXFileReference; fileEncoding = 4; lastKnownFileType = sourcecode.swift; path = StoryBrain.swift; sourceTree = "<group>"; };
		CE221DD828BE8FB200E574B5 /* Story.swift */ = {isa = PBXFileReference; fileEncoding = 4; lastKnownFileType = sourcecode.swift; path = Story.swift; sourceTree = "<group>"; };
		CE221DDB28BE8FC800E574B5 /* ViewController.swift */ = {isa = PBXFileReference; fileEncoding = 4; lastKnownFileType = sourcecode.swift; path = ViewController.swift; sourceTree = "<group>"; };
		CE221DDD28BE8FDA00E574B5 /* Main.storyboard */ = {isa = PBXFileReference; fileEncoding = 4; lastKnownFileType = file.storyboard; path = Main.storyboard; sourceTree = "<group>"; };
/* End PBXFileReference section */

/* Begin PBXFrameworksBuildPhase section */
		CE221DAE28BE8D1500E574B5 /* Frameworks */ = {
			isa = PBXFrameworksBuildPhase;
			buildActionMask = 2147483647;
			files = (
			);
			runOnlyForDeploymentPostprocessing = 0;
		};
/* End PBXFrameworksBuildPhase section */

/* Begin PBXGroup section */
		CE221DA828BE8D1500E574B5 = {
			isa = PBXGroup;
			children = (
				CE221DB328BE8D1500E574B5 /* Destiny */,
				CE221DB228BE8D1500E574B5 /* Products */,
			);
			sourceTree = "<group>";
		};
		CE221DB228BE8D1500E574B5 /* Products */ = {
			isa = PBXGroup;
			children = (
				CE221DB128BE8D1500E574B5 /* Destiny.app */,
			);
			name = Products;
			sourceTree = "<group>";
		};
		CE221DB328BE8D1500E574B5 /* Destiny */ = {
			isa = PBXGroup;
			children = (
				CE221DD628BE8F8F00E574B5 /* Controller */,
				CE221DD528BE8F8800E574B5 /* Model */,
				CE221DD428BE8F7B00E574B5 /* View */,
				CE221DD028BE8D8300E574B5 /* AppDelegate.swift */,
				CE221DD228BE8DAB00E574B5 /* SceneDelegate.swift */,
				CE221DBF28BE8D1A00E574B5 /* LaunchScreen.storyboard */,
				CE221DC828BE8D4400E574B5 /* Assets.xcassets */,
				CE221DC228BE8D1A00E574B5 /* Info.plist */,
			);
			path = Destiny;
			sourceTree = "<group>";
		};
		CE221DD428BE8F7B00E574B5 /* View */ = {
			isa = PBXGroup;
			children = (
				CE221DDD28BE8FDA00E574B5 /* Main.storyboard */,
			);
			path = View;
			sourceTree = "<group>";
		};
		CE221DD528BE8F8800E574B5 /* Model */ = {
			isa = PBXGroup;
			children = (
				CE221DD828BE8FB200E574B5 /* Story.swift */,
				CE221DD728BE8FB200E574B5 /* StoryBrain.swift */,
			);
			path = Model;
			sourceTree = "<group>";
		};
		CE221DD628BE8F8F00E574B5 /* Controller */ = {
			isa = PBXGroup;
			children = (
				CE221DDB28BE8FC800E574B5 /* ViewController.swift */,
			);
			path = Controller;
			sourceTree = "<group>";
		};
/* End PBXGroup section */

/* Begin PBXNativeTarget section */
		CE221DB028BE8D1500E574B5 /* Destiny */ = {
			isa = PBXNativeTarget;
			buildConfigurationList = CE221DC528BE8D1A00E574B5 /* Build configuration list for PBXNativeTarget "Destiny" */;
			buildPhases = (
				CE221DAD28BE8D1500E574B5 /* Sources */,
				CE221DAE28BE8D1500E574B5 /* Frameworks */,
				CE221DAF28BE8D1500E574B5 /* Resources */,
			);
			buildRules = (
			);
			dependencies = (
			);
			name = Destiny;
			productName = Destiny;
			productReference = CE221DB128BE8D1500E574B5 /* Destiny.app */;
			productType = "com.apple.product-type.application";
		};
/* End PBXNativeTarget section */

/* Begin PBXProject section */
		CE221DA928BE8D1500E574B5 /* Project object */ = {
			isa = PBXProject;
			attributes = {
				BuildIndependentTargetsInParallel = 1;
				LastSwiftUpdateCheck = 1340;
				LastUpgradeCheck = 1340;
				TargetAttributes = {
					CE221DB028BE8D1500E574B5 = {
						CreatedOnToolsVersion = 13.4.1;
					};
				};
			};
			buildConfigurationList = CE221DAC28BE8D1500E574B5 /* Build configuration list for PBXProject "Destiny" */;
			compatibilityVersion = "Xcode 13.0";
			developmentRegion = en;
			hasScannedForEncodings = 0;
			knownRegions = (
				en,
				Base,
			);
			mainGroup = CE221DA828BE8D1500E574B5;
			productRefGroup = CE221DB228BE8D1500E574B5 /* Products */;
			projectDirPath = "";
			projectRoot = "";
			targets = (
				CE221DB028BE8D1500E574B5 /* Destiny */,
			);
		};
/* End PBXProject section */

/* Begin PBXResourcesBuildPhase section */
		CE221DAF28BE8D1500E574B5 /* Resources */ = {
			isa = PBXResourcesBuildPhase;
			buildActionMask = 2147483647;
			files = (
				CE221DDE28BE8FDA00E574B5 /* Main.storyboard in Resources */,
				CE221DC128BE8D1A00E574B5 /* LaunchScreen.storyboard in Resources */,
				CE221DC928BE8D4400E574B5 /* Assets.xcassets in Resources */,
			);
			runOnlyForDeploymentPostprocessing = 0;
		};
/* End PBXResourcesBuildPhase section */

/* Begin PBXSourcesBuildPhase section */
		CE221DAD28BE8D1500E574B5 /* Sources */ = {
			isa = PBXSourcesBuildPhase;
			buildActionMask = 2147483647;
			files = (
				CE221DDC28BE8FC800E574B5 /* ViewController.swift in Sources */,
				CE221DD928BE8FB200E574B5 /* StoryBrain.swift in Sources */,
				CE221DD128BE8D8300E574B5 /* AppDelegate.swift in Sources */,
				CE221DD328BE8DAB00E574B5 /* SceneDelegate.swift in Sources */,
				CE221DDA28BE8FB200E574B5 /* Story.swift in Sources */,
			);
			runOnlyForDeploymentPostprocessing = 0;
		};
/* End PBXSourcesBuildPhase section */

/* Begin PBXVariantGroup section */
		CE221DBF28BE8D1A00E574B5 /* LaunchScreen.storyboard */ = {
			isa = PBXVariantGroup;
			children = (
				CE221DC028BE8D1A00E574B5 /* Base */,
			);
			name = LaunchScreen.storyboard;
			sourceTree = "<group>";
		};
/* End PBXVariantGroup section */

/* Begin XCBuildConfiguration section */
		CE221DC328BE8D1A00E574B5 /* Debug */ = {
			isa = XCBuildConfiguration;
			buildSettings = {
				ALWAYS_SEARCH_USER_PATHS = NO;
				CLANG_ANALYZER_NONNULL = YES;
				CLANG_ANALYZER_NUMBER_OBJECT_CONVERSION = YES_AGGRESSIVE;
				CLANG_CXX_LANGUAGE_STANDARD = "gnu++17";
				CLANG_ENABLE_MODULES = YES;
				CLANG_ENABLE_OBJC_ARC = YES;
				CLANG_ENABLE_OBJC_WEAK = YES;
				CLANG_WARN_BLOCK_CAPTURE_AUTORELEASING = YES;
				CLANG_WARN_BOOL_CONVERSION = YES;
				CLANG_WARN_COMMA = YES;
				CLANG_WARN_CONSTANT_CONVERSION = YES;
				CLANG_WARN_DEPRECATED_OBJC_IMPLEMENTATIONS = YES;
				CLANG_WARN_DIRECT_OBJC_ISA_USAGE = YES_ERROR;
				CLANG_WARN_DOCUMENTATION_COMMENTS = YES;
				CLANG_WARN_EMPTY_BODY = YES;
				CLANG_WARN_ENUM_CONVERSION = YES;
				CLANG_WARN_INFINITE_RECURSION = YES;
				CLANG_WARN_INT_CONVERSION = YES;
				CLANG_WARN_NON_LITERAL_NULL_CONVERSION = YES;
				CLANG_WARN_OBJC_IMPLICIT_RETAIN_SELF = YES;
				CLANG_WARN_OBJC_LITERAL_CONVERSION = YES;
				CLANG_WARN_OBJC_ROOT_CLASS = YES_ERROR;
				CLANG_WARN_QUOTED_INCLUDE_IN_FRAMEWORK_HEADER = YES;
				CLANG_WARN_RANGE_LOOP_ANALYSIS = YES;
				CLANG_WARN_STRICT_PROTOTYPES = YES;
				CLANG_WARN_SUSPICIOUS_MOVE = YES;
				CLANG_WARN_UNGUARDED_AVAILABILITY = YES_AGGRESSIVE;
				CLANG_WARN_UNREACHABLE_CODE = YES;
				CLANG_WARN__DUPLICATE_METHOD_MATCH = YES;
				COPY_PHASE_STRIP = NO;
				DEBUG_INFORMATION_FORMAT = dwarf;
				ENABLE_STRICT_OBJC_MSGSEND = YES;
				ENABLE_TESTABILITY = YES;
				GCC_C_LANGUAGE_STANDARD = gnu11;
				GCC_DYNAMIC_NO_PIC = NO;
				GCC_NO_COMMON_BLOCKS = YES;
				GCC_OPTIMIZATION_LEVEL = 0;
				GCC_PREPROCESSOR_DEFINITIONS = (
					"DEBUG=1",
					"$(inherited)",
				);
				GCC_WARN_64_TO_32_BIT_CONVERSION = YES;
				GCC_WARN_ABOUT_RETURN_TYPE = YES_ERROR;
				GCC_WARN_UNDECLARED_SELECTOR = YES;
				GCC_WARN_UNINITIALIZED_AUTOS = YES_AGGRESSIVE;
				GCC_WARN_UNUSED_FUNCTION = YES;
				GCC_WARN_UNUSED_VARIABLE = YES;
				IPHONEOS_DEPLOYMENT_TARGET = 15.5;
				MTL_ENABLE_DEBUG_INFO = INCLUDE_SOURCE;
				MTL_FAST_MATH = YES;
				ONLY_ACTIVE_ARCH = YES;
				SDKROOT = iphoneos;
				SWIFT_ACTIVE_COMPILATION_CONDITIONS = DEBUG;
				SWIFT_OPTIMIZATION_LEVEL = "-Onone";
			};
			name = Debug;
		};
		CE221DC428BE8D1A00E574B5 /* Release */ = {
			isa = XCBuildConfiguration;
			buildSettings = {
				ALWAYS_SEARCH_USER_PATHS = NO;
				CLANG_ANALYZER_NONNULL = YES;
				CLANG_ANALYZER_NUMBER_OBJECT_CONVERSION = YES_AGGRESSIVE;
				CLANG_CXX_LANGUAGE_STANDARD = "gnu++17";
				CLANG_ENABLE_MODULES = YES;
				CLANG_ENABLE_OBJC_ARC = YES;
				CLANG_ENABLE_OBJC_WEAK = YES;
				CLANG_WARN_BLOCK_CAPTURE_AUTORELEASING = YES;
				CLANG_WARN_BOOL_CONVERSION = YES;
				CLANG_WARN_COMMA = YES;
				CLANG_WARN_CONSTANT_CONVERSION = YES;
				CLANG_WARN_DEPRECATED_OBJC_IMPLEMENTATIONS = YES;
				CLANG_WARN_DIRECT_OBJC_ISA_USAGE = YES_ERROR;
				CLANG_WARN_DOCUMENTATION_COMMENTS = YES;
				CLANG_WARN_EMPTY_BODY = YES;
				CLANG_WARN_ENUM_CONVERSION = YES;
				CLANG_WARN_INFINITE_RECURSION = YES;
				CLANG_WARN_INT_CONVERSION = YES;
				CLANG_WARN_NON_LITERAL_NULL_CONVERSION = YES;
				CLANG_WARN_OBJC_IMPLICIT_RETAIN_SELF = YES;
				CLANG_WARN_OBJC_LITERAL_CONVERSION = YES;
				CLANG_WARN_OBJC_ROOT_CLASS = YES_ERROR;
				CLANG_WARN_QUOTED_INCLUDE_IN_FRAMEWORK_HEADER = YES;
				CLANG_WARN_RANGE_LOOP_ANALYSIS = YES;
				CLANG_WARN_STRICT_PROTOTYPES = YES;
				CLANG_WARN_SUSPICIOUS_MOVE = YES;
				CLANG_WARN_UNGUARDED_AVAILABILITY = YES_AGGRESSIVE;
				CLANG_WARN_UNREACHABLE_CODE = YES;
				CLANG_WARN__DUPLICATE_METHOD_MATCH = YES;
				COPY_PHASE_STRIP = NO;
				DEBUG_INFORMATION_FORMAT = "dwarf-with-dsym";
				ENABLE_NS_ASSERTIONS = NO;
				ENABLE_STRICT_OBJC_MSGSEND = YES;
				GCC_C_LANGUAGE_STANDARD = gnu11;
				GCC_NO_COMMON_BLOCKS = YES;
				GCC_WARN_64_TO_32_BIT_CONVERSION = YES;
				GCC_WARN_ABOUT_RETURN_TYPE = YES_ERROR;
				GCC_WARN_UNDECLARED_SELECTOR = YES;
				GCC_WARN_UNINITIALIZED_AUTOS = YES_AGGRESSIVE;
				GCC_WARN_UNUSED_FUNCTION = YES;
				GCC_WARN_UNUSED_VARIABLE = YES;
				IPHONEOS_DEPLOYMENT_TARGET = 15.5;
				MTL_ENABLE_DEBUG_INFO = NO;
				MTL_FAST_MATH = YES;
				SDKROOT = iphoneos;
				SWIFT_COMPILATION_MODE = wholemodule;
				SWIFT_OPTIMIZATION_LEVEL = "-O";
				VALIDATE_PRODUCT = YES;
			};
			name = Release;
		};
		CE221DC628BE8D1A00E574B5 /* Debug */ = {
			isa = XCBuildConfiguration;
			buildSettings = {
				ASSETCATALOG_COMPILER_APPICON_NAME = AppIcon;
				ASSETCATALOG_COMPILER_GLOBAL_ACCENT_COLOR_NAME = AccentColor;
				CODE_SIGN_STYLE = Automatic;
				CURRENT_PROJECT_VERSION = 1;
				DEVELOPMENT_TEAM = 538JV93T9Z;
				GENERATE_INFOPLIST_FILE = YES;
				INFOPLIST_FILE = Destiny/Info.plist;
				INFOPLIST_KEY_UIApplicationSupportsIndirectInputEvents = YES;
				INFOPLIST_KEY_UILaunchStoryboardName = LaunchScreen;
				INFOPLIST_KEY_UIMainStoryboardFile = Main;
				INFOPLIST_KEY_UISupportedInterfaceOrientations_iPad = "UIInterfaceOrientationPortrait UIInterfaceOrientationPortraitUpsideDown UIInterfaceOrientationLandscapeLeft UIInterfaceOrientationLandscapeRight";
				INFOPLIST_KEY_UISupportedInterfaceOrientations_iPhone = "UIInterfaceOrientationPortrait UIInterfaceOrientationLandscapeLeft UIInterfaceOrientationLandscapeRight";
				LD_RUNPATH_SEARCH_PATHS = (
					"$(inherited)",
					"@executable_path/Frameworks",
				);
				MARKETING_VERSION = 1.0;
				PRODUCT_BUNDLE_IDENTIFIER = com.zlataguseva.Destiny;
				PRODUCT_NAME = "$(TARGET_NAME)";
				SWIFT_EMIT_LOC_STRINGS = YES;
				SWIFT_VERSION = 5.0;
				TARGETED_DEVICE_FAMILY = "1,2";
			};
			name = Debug;
		};
		CE221DC728BE8D1A00E574B5 /* Release */ = {
			isa = XCBuildConfiguration;
			buildSettings = {
				ASSETCATALOG_COMPILER_APPICON_NAME = AppIcon;
				ASSETCATALOG_COMPILER_GLOBAL_ACCENT_COLOR_NAME = AccentColor;
				CODE_SIGN_STYLE = Automatic;
				CURRENT_PROJECT_VERSION = 1;
				DEVELOPMENT_TEAM = 538JV93T9Z;
				GENERATE_INFOPLIST_FILE = YES;
				INFOPLIST_FILE = Destiny/Info.plist;
				INFOPLIST_KEY_UIApplicationSupportsIndirectInputEvents = YES;
				INFOPLIST_KEY_UILaunchStoryboardName = LaunchScreen;
				INFOPLIST_KEY_UIMainStoryboardFile = Main;
				INFOPLIST_KEY_UISupportedInterfaceOrientations_iPad = "UIInterfaceOrientationPortrait UIInterfaceOrientationPortraitUpsideDown UIInterfaceOrientationLandscapeLeft UIInterfaceOrientationLandscapeRight";
				INFOPLIST_KEY_UISupportedInterfaceOrientations_iPhone = "UIInterfaceOrientationPortrait UIInterfaceOrientationLandscapeLeft UIInterfaceOrientationLandscapeRight";
				LD_RUNPATH_SEARCH_PATHS = (
					"$(inherited)",
					"@executable_path/Frameworks",
				);
				MARKETING_VERSION = 1.0;
				PRODUCT_BUNDLE_IDENTIFIER = com.zlataguseva.Destiny;
				PRODUCT_NAME = "$(TARGET_NAME)";
				SWIFT_EMIT_LOC_STRINGS = YES;
				SWIFT_VERSION = 5.0;
				TARGETED_DEVICE_FAMILY = "1,2";
			};
			name = Release;
		};
/* End XCBuildConfiguration section */

/* Begin XCConfigurationList section */
		CE221DAC28BE8D1500E574B5 /* Build configuration list for PBXProject "Destiny" */ = {
			isa = XCConfigurationList;
			buildConfigurations = (
				CE221DC328BE8D1A00E574B5 /* Debug */,
				CE221DC428BE8D1A00E574B5 /* Release */,
			);
			defaultConfigurationIsVisible = 0;
			defaultConfigurationName = Release;
		};
		CE221DC528BE8D1A00E574B5 /* Build configuration list for PBXNativeTarget "Destiny" */ = {
			isa = XCConfigurationList;
			buildConfigurations = (
				CE221DC628BE8D1A00E574B5 /* Debug */,
				CE221DC728BE8D1A00E574B5 /* Release */,
			);
			defaultConfigurationIsVisible = 0;
			defaultConfigurationName = Release;
		};
/* End XCConfigurationList section */
	};
	rootObject = CE221DA928BE8D1500E574B5 /* Project object */;
}
